
Microsoft Visual Studio Solution File, Format Version 12.00
# Visual Studio Version 16
VisualStudioVersion = 16.0.31624.102
MinimumVisualStudioVersion = 10.0.40219.1
Project("{FAE04EC0-301F-11D3-BF4B-00C04F79EFBC}") = "Assignment1", "Assignment1\Assignment1.csproj", "{CEF03824-8AE9-447F-B163-91C7D51F15E8}"
EndProject
Global
	GlobalSection(SolutionConfigurationPlatforms) = preSolution
		Debug|Any CPU = Debug|Any CPU
		Release|Any CPU = Release|Any CPU
	EndGlobalSection
	GlobalSection(ProjectConfigurationPlatforms) = postSolution
		{CEF03824-8AE9-447F-B163-91C7D51F15E8}.Debug|Any CPU.ActiveCfg = Debug|Any CPU
		{CEF03824-8AE9-447F-B163-91C7D51F15E8}.Debug|Any CPU.Build.0 = Debug|Any CPU
		{CEF03824-8AE9-447F-B163-91C7D51F15E8}.Release|Any CPU.ActiveCfg = Release|Any CPU
		{CEF03824-8AE9-447F-B163-91C7D51F15E8}.Release|Any CPU.Build.0 = Release|Any CPU
	EndGlobalSection
	GlobalSection(SolutionProperties) = preSolution
		HideSolutionNode = FALSE
	EndGlobalSection
	GlobalSection(ExtensibilityGlobals) = postSolution
		SolutionGuid = {D0F7266B-5C81-4773-A51E-4CBB0245D27E}
	EndGlobalSection
EndGlobal
